
Microsoft Visual Studio Solution File, Format Version 12.00
# Visual Studio Version 17
VisualStudioVersion = 17.10.34916.146
MinimumVisualStudioVersion = 10.0.40219.1
Project("{FAE04EC0-301F-11D3-BF4B-00C04F79EFBC}") = "SucesionFibonacciApp", "SucesionFibonacciApp.csproj", "{288FCE9D-2D29-46C5-A1EC-8C3BD55BFBFB}"
EndProject
Global
	GlobalSection(SolutionConfigurationPlatforms) = preSolution
		Debug|Any CPU = Debug|Any CPU
		Release|Any CPU = Release|Any CPU
	EndGlobalSection
	GlobalSection(ProjectConfigurationPlatforms) = postSolution
		{288FCE9D-2D29-46C5-A1EC-8C3BD55BFBFB}.Debug|Any CPU.ActiveCfg = Debug|Any CPU
		{288FCE9D-2D29-46C5-A1EC-8C3BD55BFBFB}.Debug|Any CPU.Build.0 = Debug|Any CPU
		{288FCE9D-2D29-46C5-A1EC-8C3BD55BFBFB}.Release|Any CPU.ActiveCfg = Release|Any CPU
		{288FCE9D-2D29-46C5-A1EC-8C3BD55BFBFB}.Release|Any CPU.Build.0 = Release|Any CPU
	EndGlobalSection
	GlobalSection(SolutionProperties) = preSolution
		HideSolutionNode = FALSE
	EndGlobalSection
	GlobalSection(ExtensibilityGlobals) = postSolution
		SolutionGuid = {8950F0CD-037C-496D-A3A4-79D0DBEF40A0}
	EndGlobalSection
EndGlobal
